Microsoft Visual Studio Solution File, Format Version 12.00
# Visual Studio 2012
Project("{FAE04EC0-301F-11D3-BF4B-00C04F79EFBC}") = "Snake", "Snake.csproj", "{4422A695-A98C-4405-8B8C-330BCA5D9384}"
EndProject
Global
	GlobalSection(SolutionConfigurationPlatforms) = preSolution
	Debug|Any CPU = Debug|Any CPU
	ExportDebug|Any CPU = ExportDebug|Any CPU
	ExportRelease|Any CPU = ExportRelease|Any CPU
	EndGlobalSection
	GlobalSection(ProjectConfigurationPlatforms) = postSolution
		{4422A695-A98C-4405-8B8C-330BCA5D9384}.Debug|Any CPU.ActiveCfg = Debug|Any CPU
		{4422A695-A98C-4405-8B8C-330BCA5D9384}.Debug|Any CPU.Build.0 = Debug|Any CPU
		{4422A695-A98C-4405-8B8C-330BCA5D9384}.ExportDebug|Any CPU.ActiveCfg = ExportDebug|Any CPU
		{4422A695-A98C-4405-8B8C-330BCA5D9384}.ExportDebug|Any CPU.Build.0 = ExportDebug|Any CPU
		{4422A695-A98C-4405-8B8C-330BCA5D9384}.ExportRelease|Any CPU.ActiveCfg = ExportRelease|Any CPU
		{4422A695-A98C-4405-8B8C-330BCA5D9384}.ExportRelease|Any CPU.Build.0 = ExportRelease|Any CPU
	EndGlobalSection
EndGlobal
